<?xml version="1.0" encoding="utf-8"?>
<Project ToolsVersion="4.0" xmlns="http://schemas.microsoft.com/developer/msbuild/2003">
  <ItemGroup>
    <Filter Include="Application">
      <UniqueIdentifier>{D9DE78AF-4594-F1A4-CE88-EB7B3A3DE8A8}</UniqueIdentifier>
    </Filter>
    <Filter Include="Event">
      <UniqueIdentifier>{E70B220D-5320-4ABE-1CA2-ED1D887546EF}</UniqueIdentifier>
    </Filter>
    <Filter Include="Log">
      <UniqueIdentifier>{E704880B-530E-887C-DC89-9E7C4892937C}</UniqueIdentifier>
    </Filter>
    <Filter Include="Window">
      <UniqueIdentifier>{3DEA79DA-298C-A4B0-1247-B804FE872B01}</UniqueIdentifier>
    </Filter>
    <Filter Include="Window\Platform">
      <UniqueIdentifier>{31FB73ED-9D86-E1B1-A697-64A612A23DB2}</UniqueIdentifier>
    </Filter>
    <Filter Include="Window\Platform\Windows">
      <UniqueIdentifier>{6B461E85-D77D-661C-E087-CA3F4C3E8D15}</UniqueIdentifier>
    </Filter>
  </ItemGroup>
  <ItemGroup>
    <ClInclude Include="src\Application\Application.h">
      <Filter>Application</Filter>
    </ClInclude>
    <ClInclude Include="src\Core.h" />
    <ClInclude Include="src\CrystalX.h" />
    <ClInclude Include="src\EntryPoint.h" />
    <ClInclude Include="src\Event\Event.h">
      <Filter>Event</Filter>
    </ClInclude>
    <ClInclude Include="src\Event\KeyEvent.h">
      <Filter>Event</Filter>
    </ClInclude>
    <ClInclude Include="src\Event\WindowEvent.h">
      <Filter>Event</Filter>
    </ClInclude>
    <ClInclude Include="src\Log\Log.h">
      <Filter>Log</Filter>
    </ClInclude>
    <ClInclude Include="src\Window\Platform\KeyMapper.h">
      <Filter>Window\Platform</Filter>
    </ClInclude>
    <ClInclude Include="src\Window\Platform\Windows\Windows_Window.h">
      <Filter>Window\Platform\Windows</Filter>
    </ClInclude>
    <ClInclude Include="src\Window\Window.h">
      <Filter>Window</Filter>
    </ClInclude>
  </ItemGroup>
  <ItemGroup>
    <ClCompile Include="src\Application\Application.cpp">
      <Filter>Application</Filter>
    </ClCompile>
    <ClCompile Include="src\Log\Log.cpp">
      <Filter>Log</Filter>
    </ClCompile>
    <ClCompile Include="src\Window\Platform\KeyMapper.cpp">
      <Filter>Window\Platform</Filter>
    </ClCompile>
    <ClCompile Include="src\Window\Platform\Windows\Windows_Window.cpp">
      <Filter>Window\Platform\Windows</Filter>
    </ClCompile>
  </ItemGroup>
</Project>